{
  "lockfileVersion": 1,
  "configVersion": 0,
  "workspaces": {
    "": {
      "name": "viralize",
      "dependencies": {
        "@tensorflow/tfjs-node": "^3.13.0",
        "@vladmandic/face-api": "^1.6.5",
        "bun": "^1.3.11",
        "cli-progress": "^3.12.0",
        "pino": "^10.3.1",
        "pino-pretty": "^13.1.3",
        "zx": "^8.8.5",
      },
      "devDependencies": {
        "@eslint/js": "^10.0.1",
        "@types/cli-progress": "^3.11.6",
        "@types/node": "^25.5.2",
        "eslint": "^10.2.0",
        "eslint-config-prettier": "^10.1.8",
        "eslint-plugin-prettier": "^5.5.5",
        "prettier": "^3.8.1",
        "typescript": "^6.0.2",
      },
    },
  },
  "packages": {
    "@eslint-community/eslint-utils": ["@eslint-community/eslint-utils@4.9.1", "", { "dependencies": { "eslint-visitor-keys": "^3.4.3" }, "peerDependencies": { "eslint": "^6.0.0 || ^7.0.0 || >=8.0.0" } }, ""],

    "@eslint-community/regexpp": ["@eslint-community/regexpp@4.12.2", "", {}, ""],

    "@eslint/config-array": ["@eslint/config-array@0.23.5", "", { "dependencies": { "@eslint/object-schema": "^3.0.5", "debug": "^4.3.1", "minimatch": "^10.2.4" } }, ""],

    "@eslint/config-helpers": ["@eslint/config-helpers@0.5.5", "", { "dependencies": { "@eslint/core": "^1.2.1" } }, ""],

    "@eslint/core": ["@eslint/core@1.2.1", "", { "dependencies": { "@types/json-schema": "^7.0.15" } }, ""],

    "@eslint/js": ["@eslint/js@10.0.1", "", { "peerDependencies": { "eslint": "^10.0.0" } }, ""],

    "@eslint/object-schema": ["@eslint/object-schema@3.0.5", "", {}, ""],

    "@eslint/plugin-kit": ["@eslint/plugin-kit@0.7.1", "", { "dependencies": { "@eslint/core": "^1.2.1", "levn": "^0.4.1" } }, ""],

    "@humanfs/core": ["@humanfs/core@0.19.1", "", {}, ""],

    "@humanfs/node": ["@humanfs/node@0.16.7", "", { "dependencies": { "@humanfs/core": "^0.19.1", "@humanwhocodes/retry": "^0.4.0" } }, ""],

    "@humanwhocodes/module-importer": ["@humanwhocodes/module-importer@1.0.1", "", {}, ""],

    "@humanwhocodes/retry": ["@humanwhocodes/retry@0.4.3", "", {}, ""],

    "@mapbox/node-pre-gyp": ["@mapbox/node-pre-gyp@1.0.9", "", { "dependencies": { "detect-libc": "^2.0.0", "https-proxy-agent": "^5.0.0", "make-dir": "^3.1.0", "node-fetch": "^2.6.7", "nopt": "^5.0.0", "npmlog": "^5.0.1", "rimraf": "^3.0.2", "semver": "^7.3.5", "tar": "^6.1.11" }, "bin": { "node-pre-gyp": "bin/node-pre-gyp" } }, ""],

    "@oven/bun-linux-x64": ["@oven/bun-linux-x64@1.3.11", "", { "os": "linux", "cpu": "x64" }, ""],

    "@oven/bun-linux-x64-baseline": ["@oven/bun-linux-x64-baseline@1.3.11", "", { "os": "linux", "cpu": "x64" }, ""],

    "@oven/bun-linux-x64-musl": ["@oven/bun-linux-x64-musl@1.3.11", "", { "os": "linux", "cpu": "x64" }, ""],

    "@oven/bun-linux-x64-musl-baseline": ["@oven/bun-linux-x64-musl-baseline@1.3.11", "", { "os": "linux", "cpu": "x64" }, ""],

    "@pinojs/redact": ["@pinojs/redact@0.4.0", "", {}, ""],

    "@pkgr/core": ["@pkgr/core@0.2.9", "", {}, ""],

    "@tensorflow/tfjs": ["@tensorflow/tfjs@3.21.0", "", { "dependencies": { "@tensorflow/tfjs-backend-cpu": "3.21.0", "@tensorflow/tfjs-backend-webgl": "3.21.0", "@tensorflow/tfjs-converter": "3.21.0", "@tensorflow/tfjs-core": "3.21.0", "@tensorflow/tfjs-data": "3.21.0", "@tensorflow/tfjs-layers": "3.21.0", "argparse": "^1.0.10", "chalk": "^4.1.0", "core-js": "3", "regenerator-runtime": "^0.13.5", "yargs": "^16.0.3" }, "bin": { "tfjs-custom-module": "dist/tools/custom_module/cli.js" } }, ""],

    "@tensorflow/tfjs-backend-cpu": ["@tensorflow/tfjs-backend-cpu@3.21.0", "", { "dependencies": { "@types/seedrandom": "^2.4.28", "seedrandom": "^3.0.5" }, "peerDependencies": { "@tensorflow/tfjs-core": "3.21.0" } }, ""],

    "@tensorflow/tfjs-backend-webgl": ["@tensorflow/tfjs-backend-webgl@3.21.0", "", { "dependencies": { "@tensorflow/tfjs-backend-cpu": "3.21.0", "@types/offscreencanvas": "~2019.3.0", "@types/seedrandom": "^2.4.28", "@types/webgl-ext": "0.0.30", "@types/webgl2": "0.0.6", "seedrandom": "^3.0.5" }, "peerDependencies": { "@tensorflow/tfjs-core": "3.21.0" } }, ""],

    "@tensorflow/tfjs-converter": ["@tensorflow/tfjs-converter@3.21.0", "", { "peerDependencies": { "@tensorflow/tfjs-core": "3.21.0" } }, ""],

    "@tensorflow/tfjs-core": ["@tensorflow/tfjs-core@3.21.0", "", { "dependencies": { "@types/long": "^4.0.1", "@types/offscreencanvas": "~2019.3.0", "@types/seedrandom": "^2.4.28", "@types/webgl-ext": "0.0.30", "@webgpu/types": "0.1.16", "long": "4.0.0", "node-fetch": "~2.6.1", "seedrandom": "^3.0.5" } }, ""],

    "@tensorflow/tfjs-data": ["@tensorflow/tfjs-data@3.21.0", "", { "dependencies": { "@types/node-fetch": "^2.1.2", "node-fetch": "~2.6.1", "string_decoder": "^1.3.0" }, "peerDependencies": { "@tensorflow/tfjs-core": "3.21.0", "seedrandom": "^3.0.5" } }, ""],

    "@tensorflow/tfjs-layers": ["@tensorflow/tfjs-layers@3.21.0", "", { "peerDependencies": { "@tensorflow/tfjs-core": "3.21.0" } }, ""],

    "@tensorflow/tfjs-node": ["@tensorflow/tfjs-node@3.21.1", "", { "dependencies": { "@mapbox/node-pre-gyp": "1.0.9", "@tensorflow/tfjs": "3.21.0", "adm-zip": "^0.5.2", "google-protobuf": "^3.9.2", "https-proxy-agent": "^2.2.1", "progress": "^2.0.0", "rimraf": "^2.6.2", "tar": "^4.4.6" } }, ""],

    "@types/cli-progress": ["@types/cli-progress@3.11.6", "", { "dependencies": { "@types/node": "*" } }, "sha512-cE3+jb9WRlu+uOSAugewNpITJDt1VF8dHOopPO4IABFc3SXYL5WE/+PTz/FCdZRRfIujiWW3n3aMbv1eIGVRWA=="],

    "@types/esrecurse": ["@types/esrecurse@4.3.1", "", {}, ""],

    "@types/estree": ["@types/estree@1.0.8", "", {}, ""],

    "@types/json-schema": ["@types/json-schema@7.0.15", "", {}, ""],

    "@types/long": ["@types/long@4.0.2", "", {}, ""],

    "@types/node": ["@types/node@25.5.2", "", { "dependencies": { "undici-types": "~7.18.0" } }, ""],

    "@types/node-fetch": ["@types/node-fetch@2.6.13", "", { "dependencies": { "@types/node": "*", "form-data": "^4.0.4" } }, ""],

    "@types/offscreencanvas": ["@types/offscreencanvas@2019.3.0", "", {}, ""],

    "@types/seedrandom": ["@types/seedrandom@2.4.34", "", {}, ""],

    "@types/webgl-ext": ["@types/webgl-ext@0.0.30", "", {}, ""],

    "@types/webgl2": ["@types/webgl2@0.0.6", "", {}, ""],

    "@vladmandic/face-api": ["@vladmandic/face-api@1.7.15", "", {}, ""],

    "@webgpu/types": ["@webgpu/types@0.1.16", "", {}, ""],

    "abbrev": ["abbrev@1.1.1", "", {}, ""],

    "acorn": ["acorn@8.16.0", "", { "bin": "bin/acorn" }, ""],

    "acorn-jsx": ["acorn-jsx@5.3.2", "", { "peerDependencies": { "acorn": "^6.0.0 || ^7.0.0 || ^8.0.0" } }, ""],

    "adm-zip": ["adm-zip@0.5.17", "", {}, ""],

    "agent-base": ["agent-base@4.3.0", "", { "dependencies": { "es6-promisify": "^5.0.0" } }, ""],

    "ajv": ["ajv@6.14.0", "", { "dependencies": { "fast-deep-equal": "^3.1.1", "fast-json-stable-stringify": "^2.0.0", "json-schema-traverse": "^0.4.1", "uri-js": "^4.2.2" } }, ""],

    "ansi-regex": ["ansi-regex@5.0.1", "", {}, ""],

    "ansi-styles": ["ansi-styles@4.3.0", "", { "dependencies": { "color-convert": "^2.0.1" } }, ""],

    "aproba": ["aproba@2.1.0", "", {}, ""],

    "are-we-there-yet": ["are-we-there-yet@2.0.0", "", { "dependencies": { "delegates": "^1.0.0", "readable-stream": "^3.6.0" } }, ""],

    "argparse": ["argparse@1.0.10", "", { "dependencies": { "sprintf-js": "~1.0.2" } }, ""],

    "asynckit": ["asynckit@0.4.0", "", {}, ""],

    "atomic-sleep": ["atomic-sleep@1.0.0", "", {}, ""],

    "balanced-match": ["balanced-match@4.0.4", "", {}, ""],

    "brace-expansion": ["brace-expansion@5.0.5", "", { "dependencies": { "balanced-match": "^4.0.2" } }, ""],

    "bun": ["bun@1.3.11", "", { "optionalDependencies": { "@oven/bun-linux-x64": "1.3.11", "@oven/bun-linux-x64-baseline": "1.3.11", "@oven/bun-linux-x64-musl": "1.3.11", "@oven/bun-linux-x64-musl-baseline": "1.3.11" }, "os": [ "linux", "win32", "darwin", ], "cpu": [ "x64", "arm64", ], "bin": { "bun": "bin/bun.exe", "bunx": "bin/bunx.exe" } }, ""],

    "call-bind-apply-helpers": ["call-bind-apply-helpers@1.0.2", "", { "dependencies": { "es-errors": "^1.3.0", "function-bind": "^1.1.2" } }, ""],

    "chalk": ["chalk@4.1.2", "", { "dependencies": { "ansi-styles": "^4.1.0", "supports-color": "^7.1.0" } }, ""],

    "chownr": ["chownr@1.1.4", "", {}, ""],

    "cli-progress": ["cli-progress@3.12.0", "", { "dependencies": { "string-width": "^4.2.3" } }, ""],

    "cliui": ["cliui@7.0.4", "", { "dependencies": { "string-width": "^4.2.0", "strip-ansi": "^6.0.0", "wrap-ansi": "^7.0.0" } }, ""],

    "color-convert": ["color-convert@2.0.1", "", { "dependencies": { "color-name": "~1.1.4" } }, ""],

    "color-name": ["color-name@1.1.4", "", {}, ""],

    "color-support": ["color-support@1.1.3", "", { "bin": "bin.js" }, ""],

    "colorette": ["colorette@2.0.20", "", {}, ""],

    "combined-stream": ["combined-stream@1.0.8", "", { "dependencies": { "delayed-stream": "~1.0.0" } }, ""],

    "concat-map": ["concat-map@0.0.1", "", {}, ""],

    "console-control-strings": ["console-control-strings@1.1.0", "", {}, ""],

    "core-js": ["core-js@3.49.0", "", {}, ""],

    "cross-spawn": ["cross-spawn@7.0.6", "", { "dependencies": { "path-key": "^3.1.0", "shebang-command": "^2.0.0", "which": "^2.0.1" } }, ""],

    "dateformat": ["dateformat@4.6.3", "", {}, ""],

    "debug": ["debug@4.4.3", "", { "dependencies": { "ms": "^2.1.3" } }, ""],

    "deep-is": ["deep-is@0.1.4", "", {}, ""],

    "delayed-stream": ["delayed-stream@1.0.0", "", {}, ""],

    "delegates": ["delegates@1.0.0", "", {}, ""],

    "detect-libc": ["detect-libc@2.1.2", "", {}, ""],

    "dunder-proto": ["dunder-proto@1.0.1", "", { "dependencies": { "call-bind-apply-helpers": "^1.0.1", "es-errors": "^1.3.0", "gopd": "^1.2.0" } }, ""],

    "emoji-regex": ["emoji-regex@8.0.0", "", {}, ""],

    "end-of-stream": ["end-of-stream@1.4.5", "", { "dependencies": { "once": "^1.4.0" } }, ""],

    "es-define-property": ["es-define-property@1.0.1", "", {}, ""],

    "es-errors": ["es-errors@1.3.0", "", {}, ""],

    "es-object-atoms": ["es-object-atoms@1.1.1", "", { "dependencies": { "es-errors": "^1.3.0" } }, ""],

    "es-set-tostringtag": ["es-set-tostringtag@2.1.0", "", { "dependencies": { "es-errors": "^1.3.0", "get-intrinsic": "^1.2.6", "has-tostringtag": "^1.0.2", "hasown": "^2.0.2" } }, ""],

    "es6-promise": ["es6-promise@4.2.8", "", {}, ""],

    "es6-promisify": ["es6-promisify@5.0.0", "", { "dependencies": { "es6-promise": "^4.0.3" } }, ""],

    "escalade": ["escalade@3.2.0", "", {}, ""],

    "escape-string-regexp": ["escape-string-regexp@4.0.0", "", {}, ""],

    "eslint": ["eslint@10.2.0", "", { "dependencies": { "@eslint-community/eslint-utils": "^4.8.0", "@eslint-community/regexpp": "^4.12.2", "@eslint/config-array": "^0.23.4", "@eslint/config-helpers": "^0.5.4", "@eslint/core": "^1.2.0", "@eslint/plugin-kit": "^0.7.0", "@humanfs/node": "^0.16.6", "@humanwhocodes/module-importer": "^1.0.1", "@humanwhocodes/retry": "^0.4.2", "@types/estree": "^1.0.6", "ajv": "^6.14.0", "cross-spawn": "^7.0.6", "debug": "^4.3.2", "escape-string-regexp": "^4.0.0", "eslint-scope": "^9.1.2", "eslint-visitor-keys": "^5.0.1", "espree": "^11.2.0", "esquery": "^1.7.0", "esutils": "^2.0.2", "fast-deep-equal": "^3.1.3", "file-entry-cache": "^8.0.0", "find-up": "^5.0.0", "glob-parent": "^6.0.2", "ignore": "^5.2.0", "imurmurhash": "^0.1.4", "is-glob": "^4.0.0", "json-stable-stringify-without-jsonify": "^1.0.1", "minimatch": "^10.2.4", "natural-compare": "^1.4.0", "optionator": "^0.9.3" }, "peerDependencies": { "jiti": "*" }, "optionalPeers": ["jiti"], "bin": "bin/eslint.js" }, ""],

    "eslint-config-prettier": ["eslint-config-prettier@10.1.8", "", { "peerDependencies": { "eslint": ">=7.0.0" }, "bin": "bin/cli.js" }, ""],

    "eslint-plugin-prettier": ["eslint-plugin-prettier@5.5.5", "", { "dependencies": { "prettier-linter-helpers": "^1.0.1", "synckit": "^0.11.12" }, "peerDependencies": { "@types/eslint": ">=8.0.0", "eslint": ">=8.0.0", "eslint-config-prettier": ">= 7.0.0 <10.0.0 || >=10.1.0", "prettier": ">=3.0.0" }, "optionalPeers": ["@types/eslint"] }, ""],

    "eslint-scope": ["eslint-scope@9.1.2", "", { "dependencies": { "@types/esrecurse": "^4.3.1", "@types/estree": "^1.0.8", "esrecurse": "^4.3.0", "estraverse": "^5.2.0" } }, ""],

    "eslint-visitor-keys": ["eslint-visitor-keys@5.0.1", "", {}, ""],

    "espree": ["espree@11.2.0", "", { "dependencies": { "acorn": "^8.16.0", "acorn-jsx": "^5.3.2", "eslint-visitor-keys": "^5.0.1" } }, ""],

    "esquery": ["esquery@1.7.0", "", { "dependencies": { "estraverse": "^5.1.0" } }, ""],

    "esrecurse": ["esrecurse@4.3.0", "", { "dependencies": { "estraverse": "^5.2.0" } }, ""],

    "estraverse": ["estraverse@5.3.0", "", {}, ""],

    "esutils": ["esutils@2.0.3", "", {}, ""],

    "fast-copy": ["fast-copy@4.0.2", "", {}, ""],

    "fast-deep-equal": ["fast-deep-equal@3.1.3", "", {}, ""],

    "fast-diff": ["fast-diff@1.3.0", "", {}, ""],

    "fast-json-stable-stringify": ["fast-json-stable-stringify@2.1.0", "", {}, ""],

    "fast-levenshtein": ["fast-levenshtein@2.0.6", "", {}, ""],

    "fast-safe-stringify": ["fast-safe-stringify@2.1.1", "", {}, ""],

    "file-entry-cache": ["file-entry-cache@8.0.0", "", { "dependencies": { "flat-cache": "^4.0.0" } }, ""],

    "find-up": ["find-up@5.0.0", "", { "dependencies": { "locate-path": "^6.0.0", "path-exists": "^4.0.0" } }, ""],

    "flat-cache": ["flat-cache@4.0.1", "", { "dependencies": { "flatted": "^3.2.9", "keyv": "^4.5.4" } }, ""],

    "flatted": ["flatted@3.4.2", "", {}, ""],

    "form-data": ["form-data@4.0.5", "", { "dependencies": { "asynckit": "^0.4.0", "combined-stream": "^1.0.8", "es-set-tostringtag": "^2.1.0", "hasown": "^2.0.2", "mime-types": "^2.1.12" } }, ""],

    "fs-minipass": ["fs-minipass@1.2.7", "", { "dependencies": { "minipass": "^2.6.0" } }, ""],

    "fs.realpath": ["fs.realpath@1.0.0", "", {}, ""],

    "function-bind": ["function-bind@1.1.2", "", {}, ""],

    "gauge": ["gauge@3.0.2", "", { "dependencies": { "aproba": "^1.0.3 || ^2.0.0", "color-support": "^1.1.2", "console-control-strings": "^1.0.0", "has-unicode": "^2.0.1", "object-assign": "^4.1.1", "signal-exit": "^3.0.0", "string-width": "^4.2.3", "strip-ansi": "^6.0.1", "wide-align": "^1.1.2" } }, ""],

    "get-caller-file": ["get-caller-file@2.0.5", "", {}, ""],

    "get-intrinsic": ["get-intrinsic@1.3.0", "", { "dependencies": { "call-bind-apply-helpers": "^1.0.2", "es-define-property": "^1.0.1", "es-errors": "^1.3.0", "es-object-atoms": "^1.1.1", "function-bind": "^1.1.2", "get-proto": "^1.0.1", "gopd": "^1.2.0", "has-symbols": "^1.1.0", "hasown": "^2.0.2", "math-intrinsics": "^1.1.0" } }, ""],

    "get-proto": ["get-proto@1.0.1", "", { "dependencies": { "dunder-proto": "^1.0.1", "es-object-atoms": "^1.0.0" } }, ""],

    "glob": ["glob@7.2.3", "", { "dependencies": { "fs.realpath": "^1.0.0", "inflight": "^1.0.4", "inherits": "2", "minimatch": "^3.1.1", "once": "^1.3.0", "path-is-absolute": "^1.0.0" } }, ""],

    "glob-parent": ["glob-parent@6.0.2", "", { "dependencies": { "is-glob": "^4.0.3" } }, ""],

    "google-protobuf": ["google-protobuf@3.21.4", "", {}, ""],

    "gopd": ["gopd@1.2.0", "", {}, ""],

    "has-flag": ["has-flag@4.0.0", "", {}, ""],

    "has-symbols": ["has-symbols@1.1.0", "", {}, ""],

    "has-tostringtag": ["has-tostringtag@1.0.2", "", { "dependencies": { "has-symbols": "^1.0.3" } }, ""],

    "has-unicode": ["has-unicode@2.0.1", "", {}, ""],

    "hasown": ["hasown@2.0.2", "", { "dependencies": { "function-bind": "^1.1.2" } }, ""],

    "help-me": ["help-me@5.0.0", "", {}, ""],

    "https-proxy-agent": ["https-proxy-agent@2.2.4", "", { "dependencies": { "agent-base": "^4.3.0", "debug": "^3.1.0" } }, ""],

    "ignore": ["ignore@5.3.2", "", {}, ""],

    "imurmurhash": ["imurmurhash@0.1.4", "", {}, ""],

    "inflight": ["inflight@1.0.6", "", { "dependencies": { "once": "^1.3.0", "wrappy": "1" } }, ""],

    "inherits": ["inherits@2.0.4", "", {}, ""],

    "is-extglob": ["is-extglob@2.1.1", "", {}, ""],

    "is-fullwidth-code-point": ["is-fullwidth-code-point@3.0.0", "", {}, ""],

    "is-glob": ["is-glob@4.0.3", "", { "dependencies": { "is-extglob": "^2.1.1" } }, ""],

    "isexe": ["isexe@2.0.0", "", {}, ""],

    "joycon": ["joycon@3.1.1", "", {}, ""],

    "json-buffer": ["json-buffer@3.0.1", "", {}, ""],

    "json-schema-traverse": ["json-schema-traverse@0.4.1", "", {}, ""],

    "json-stable-stringify-without-jsonify": ["json-stable-stringify-without-jsonify@1.0.1", "", {}, ""],

    "keyv": ["keyv@4.5.4", "", { "dependencies": { "json-buffer": "3.0.1" } }, ""],

    "levn": ["levn@0.4.1", "", { "dependencies": { "prelude-ls": "^1.2.1", "type-check": "~0.4.0" } }, ""],

    "locate-path": ["locate-path@6.0.0", "", { "dependencies": { "p-locate": "^5.0.0" } }, ""],

    "long": ["long@4.0.0", "", {}, ""],

    "make-dir": ["make-dir@3.1.0", "", { "dependencies": { "semver": "^6.0.0" } }, ""],

    "math-intrinsics": ["math-intrinsics@1.1.0", "", {}, ""],

    "mime-db": ["mime-db@1.52.0", "", {}, ""],

    "mime-types": ["mime-types@2.1.35", "", { "dependencies": { "mime-db": "1.52.0" } }, ""],

    "minimatch": ["minimatch@10.2.5", "", { "dependencies": { "brace-expansion": "^5.0.5" } }, ""],

    "minimist": ["minimist@1.2.8", "", {}, ""],

    "minipass": ["minipass@2.9.0", "", { "dependencies": { "safe-buffer": "^5.1.2", "yallist": "^3.0.0" } }, ""],

    "minizlib": ["minizlib@1.3.3", "", { "dependencies": { "minipass": "^2.9.0" } }, ""],

    "mkdirp": ["mkdirp@0.5.6", "", { "dependencies": { "minimist": "^1.2.6" }, "bin": "bin/cmd.js" }, ""],

    "ms": ["ms@2.1.3", "", {}, ""],

    "natural-compare": ["natural-compare@1.4.0", "", {}, ""],

    "node-fetch": ["node-fetch@2.7.0", "", { "dependencies": { "whatwg-url": "^5.0.0" }, "peerDependencies": { "encoding": "^0.1.0" }, "optionalPeers": ["encoding"] }, ""],

    "nopt": ["nopt@5.0.0", "", { "dependencies": { "abbrev": "1" }, "bin": "bin/nopt.js" }, ""],

    "npmlog": ["npmlog@5.0.1", "", { "dependencies": { "are-we-there-yet": "^2.0.0", "console-control-strings": "^1.1.0", "gauge": "^3.0.0", "set-blocking": "^2.0.0" } }, ""],

    "object-assign": ["object-assign@4.1.1", "", {}, ""],

    "on-exit-leak-free": ["on-exit-leak-free@2.1.2", "", {}, ""],

    "once": ["once@1.4.0", "", { "dependencies": { "wrappy": "1" } }, ""],

    "optionator": ["optionator@0.9.4", "", { "dependencies": { "deep-is": "^0.1.3", "fast-levenshtein": "^2.0.6", "levn": "^0.4.1", "prelude-ls": "^1.2.1", "type-check": "^0.4.0", "word-wrap": "^1.2.5" } }, ""],

    "p-limit": ["p-limit@3.1.0", "", { "dependencies": { "yocto-queue": "^0.1.0" } }, ""],

    "p-locate": ["p-locate@5.0.0", "", { "dependencies": { "p-limit": "^3.0.2" } }, ""],

    "path-exists": ["path-exists@4.0.0", "", {}, ""],

    "path-is-absolute": ["path-is-absolute@1.0.1", "", {}, ""],

    "path-key": ["path-key@3.1.1", "", {}, ""],

    "pino": ["pino@10.3.1", "", { "dependencies": { "@pinojs/redact": "^0.4.0", "atomic-sleep": "^1.0.0", "on-exit-leak-free": "^2.1.0", "pino-abstract-transport": "^3.0.0", "pino-std-serializers": "^7.0.0", "process-warning": "^5.0.0", "quick-format-unescaped": "^4.0.3", "real-require": "^0.2.0", "safe-stable-stringify": "^2.3.1", "sonic-boom": "^4.0.1", "thread-stream": "^4.0.0" }, "bin": "bin.js" }, ""],

    "pino-abstract-transport": ["pino-abstract-transport@3.0.0", "", { "dependencies": { "split2": "^4.0.0" } }, ""],

    "pino-pretty": ["pino-pretty@13.1.3", "", { "dependencies": { "colorette": "^2.0.7", "dateformat": "^4.6.3", "fast-copy": "^4.0.0", "fast-safe-stringify": "^2.1.1", "help-me": "^5.0.0", "joycon": "^3.1.1", "minimist": "^1.2.6", "on-exit-leak-free": "^2.1.0", "pino-abstract-transport": "^3.0.0", "pump": "^3.0.0", "secure-json-parse": "^4.0.0", "sonic-boom": "^4.0.1", "strip-json-comments": "^5.0.2" }, "bin": "bin.js" }, ""],

    "pino-std-serializers": ["pino-std-serializers@7.1.0", "", {}, ""],

    "prelude-ls": ["prelude-ls@1.2.1", "", {}, ""],

    "prettier": ["prettier@3.8.1", "", { "bin": "bin/prettier.cjs" }, ""],

    "prettier-linter-helpers": ["prettier-linter-helpers@1.0.1", "", { "dependencies": { "fast-diff": "^1.1.2" } }, ""],

    "process-warning": ["process-warning@5.0.0", "", {}, ""],

    "progress": ["progress@2.0.3", "", {}, ""],

    "pump": ["pump@3.0.4", "", { "dependencies": { "end-of-stream": "^1.1.0", "once": "^1.3.1" } }, ""],

    "punycode": ["punycode@2.3.1", "", {}, ""],

    "quick-format-unescaped": ["quick-format-unescaped@4.0.4", "", {}, ""],

    "readable-stream": ["readable-stream@3.6.2", "", { "dependencies": { "inherits": "^2.0.3", "string_decoder": "^1.1.1", "util-deprecate": "^1.0.1" } }, ""],

    "real-require": ["real-require@0.2.0", "", {}, ""],

    "regenerator-runtime": ["regenerator-runtime@0.13.11", "", {}, ""],

    "require-directory": ["require-directory@2.1.1", "", {}, ""],

    "rimraf": ["rimraf@2.7.1", "", { "dependencies": { "glob": "^7.1.3" }, "bin": "bin.js" }, ""],

    "safe-buffer": ["safe-buffer@5.2.1", "", {}, ""],

    "safe-stable-stringify": ["safe-stable-stringify@2.5.0", "", {}, ""],

    "secure-json-parse": ["secure-json-parse@4.1.0", "", {}, ""],

    "seedrandom": ["seedrandom@3.0.5", "", {}, ""],

    "semver": ["semver@7.7.4", "", { "bin": "bin/semver.js" }, ""],

    "set-blocking": ["set-blocking@2.0.0", "", {}, ""],

    "shebang-command": ["shebang-command@2.0.0", "", { "dependencies": { "shebang-regex": "^3.0.0" } }, ""],

    "shebang-regex": ["shebang-regex@3.0.0", "", {}, ""],

    "signal-exit": ["signal-exit@3.0.7", "", {}, ""],

    "sonic-boom": ["sonic-boom@4.2.1", "", { "dependencies": { "atomic-sleep": "^1.0.0" } }, ""],

    "split2": ["split2@4.2.0", "", {}, ""],

    "sprintf-js": ["sprintf-js@1.0.3", "", {}, ""],

    "string-width": ["string-width@4.2.3", "", { "dependencies": { "emoji-regex": "^8.0.0", "is-fullwidth-code-point": "^3.0.0", "strip-ansi": "^6.0.1" } }, ""],

    "string_decoder": ["string_decoder@1.3.0", "", { "dependencies": { "safe-buffer": "~5.2.0" } }, ""],

    "strip-ansi": ["strip-ansi@6.0.1", "", { "dependencies": { "ansi-regex": "^5.0.1" } }, ""],

    "strip-json-comments": ["strip-json-comments@5.0.3", "", {}, ""],

    "supports-color": ["supports-color@7.2.0", "", { "dependencies": { "has-flag": "^4.0.0" } }, ""],

    "synckit": ["synckit@0.11.12", "", { "dependencies": { "@pkgr/core": "^0.2.9" } }, ""],

    "tar": ["tar@4.4.19", "", { "dependencies": { "chownr": "^1.1.4", "fs-minipass": "^1.2.7", "minipass": "^2.9.0", "minizlib": "^1.3.3", "mkdirp": "^0.5.5", "safe-buffer": "^5.2.1", "yallist": "^3.1.1" } }, ""],

    "thread-stream": ["thread-stream@4.0.0", "", { "dependencies": { "real-require": "^0.2.0" } }, ""],

    "tr46": ["tr46@0.0.3", "", {}, ""],

    "type-check": ["type-check@0.4.0", "", { "dependencies": { "prelude-ls": "^1.2.1" } }, ""],

    "typescript": ["typescript@6.0.2", "", { "bin": { "tsc": "bin/tsc", "tsserver": "bin/tsserver" } }, "sha512-bGdAIrZ0wiGDo5l8c++HWtbaNCWTS4UTv7RaTH/ThVIgjkveJt83m74bBHMJkuCbslY8ixgLBVZJIOiQlQTjfQ=="],

    "undici-types": ["undici-types@7.18.2", "", {}, ""],

    "uri-js": ["uri-js@4.4.1", "", { "dependencies": { "punycode": "^2.1.0" } }, ""],

    "util-deprecate": ["util-deprecate@1.0.2", "", {}, ""],

    "webidl-conversions": ["webidl-conversions@3.0.1", "", {}, ""],

    "whatwg-url": ["whatwg-url@5.0.0", "", { "dependencies": { "tr46": "~0.0.3", "webidl-conversions": "^3.0.0" } }, ""],

    "which": ["which@2.0.2", "", { "dependencies": { "isexe": "^2.0.0" }, "bin": { "node-which": "bin/node-which" } }, ""],

    "wide-align": ["wide-align@1.1.5", "", { "dependencies": { "string-width": "^1.0.2 || 2 || 3 || 4" } }, ""],

    "word-wrap": ["word-wrap@1.2.5", "", {}, ""],

    "wrap-ansi": ["wrap-ansi@7.0.0", "", { "dependencies": { "ansi-styles": "^4.0.0", "string-width": "^4.1.0", "strip-ansi": "^6.0.0" } }, ""],

    "wrappy": ["wrappy@1.0.2", "", {}, ""],

    "y18n": ["y18n@5.0.8", "", {}, ""],

    "yallist": ["yallist@3.1.1", "", {}, ""],

    "yargs": ["yargs@16.2.0", "", { "dependencies": { "cliui": "^7.0.2", "escalade": "^3.1.1", "get-caller-file": "^2.0.5", "require-directory": "^2.1.1", "string-width": "^4.2.0", "y18n": "^5.0.5", "yargs-parser": "^20.2.2" } }, ""],

    "yargs-parser": ["yargs-parser@20.2.9", "", {}, ""],

    "yocto-queue": ["yocto-queue@0.1.0", "", {}, ""],

    "zx": ["zx@8.8.5", "", { "bin": "build/cli.js" }, ""],

    "@eslint-community/eslint-utils/eslint-visitor-keys": ["eslint-visitor-keys@3.4.3", "", {}, ""],

    "@mapbox/node-pre-gyp/https-proxy-agent": ["https-proxy-agent@5.0.1", "", { "dependencies": { "agent-base": "6", "debug": "4" } }, ""],

    "@mapbox/node-pre-gyp/rimraf": ["rimraf@3.0.2", "", { "dependencies": { "glob": "^7.1.3" }, "bin": "bin.js" }, ""],

    "@mapbox/node-pre-gyp/tar": ["tar@6.2.1", "", { "dependencies": { "chownr": "^2.0.0", "fs-minipass": "^2.0.0", "minipass": "^5.0.0", "minizlib": "^2.1.1", "mkdirp": "^1.0.3", "yallist": "^4.0.0" } }, ""],

    "@tensorflow/tfjs-core/node-fetch": ["node-fetch@2.6.13", "", { "dependencies": { "whatwg-url": "^5.0.0" }, "peerDependencies": { "encoding": "^0.1.0" }, "optionalPeers": ["encoding"] }, ""],

    "@tensorflow/tfjs-data/node-fetch": ["node-fetch@2.6.13", "", { "dependencies": { "whatwg-url": "^5.0.0" }, "peerDependencies": { "encoding": "^0.1.0" }, "optionalPeers": ["encoding"] }, ""],

    "glob/minimatch": ["minimatch@3.1.5", "", { "dependencies": { "brace-expansion": "^1.1.7" } }, ""],

    "https-proxy-agent/debug": ["debug@3.2.7", "", { "dependencies": { "ms": "^2.1.1" } }, ""],

    "make-dir/semver": ["semver@6.3.1", "", { "bin": "bin/semver.js" }, ""],

    "@mapbox/node-pre-gyp/https-proxy-agent/agent-base": ["agent-base@6.0.2", "", { "dependencies": { "debug": "4" } }, ""],

    "@mapbox/node-pre-gyp/https-proxy-agent/debug": ["debug@4.4.3", "", { "dependencies": { "ms": "^2.1.3" } }, ""],

    "@mapbox/node-pre-gyp/tar/chownr": ["chownr@2.0.0", "", {}, ""],

    "@mapbox/node-pre-gyp/tar/fs-minipass": ["fs-minipass@2.1.0", "", { "dependencies": { "minipass": "^3.0.0" } }, ""],

    "@mapbox/node-pre-gyp/tar/minipass": ["minipass@5.0.0", "", {}, ""],

    "@mapbox/node-pre-gyp/tar/minizlib": ["minizlib@2.1.2", "", { "dependencies": { "minipass": "^3.0.0", "yallist": "^4.0.0" } }, ""],

    "@mapbox/node-pre-gyp/tar/mkdirp": ["mkdirp@1.0.4", "", { "bin": "bin/cmd.js" }, ""],

    "@mapbox/node-pre-gyp/tar/yallist": ["yallist@4.0.0", "", {}, ""],

    "glob/minimatch/brace-expansion": ["brace-expansion@1.1.13", "", { "dependencies": { "balanced-match": "^1.0.0", "concat-map": "0.0.1" } }, ""],

    "@mapbox/node-pre-gyp/tar/fs-minipass/minipass": ["minipass@3.3.6", "", { "dependencies": { "yallist": "^4.0.0" } }, ""],

    "@mapbox/node-pre-gyp/tar/minizlib/minipass": ["minipass@3.3.6", "", { "dependencies": { "yallist": "^4.0.0" } }, ""],

    "glob/minimatch/brace-expansion/balanced-match": ["balanced-match@1.0.2", "", {}, ""],
  }
}
